
Microsoft Visual Studio Solution File, Format Version 12.00
Project("{2150E333-8FDC-42A3-9474-1A3956D46DE8}") = "Aplication", "Aplication", "{ED879AC5-3FE1-4A77-9A19-919BD12CB4AB}"
EndProject
Project("{2150E333-8FDC-42A3-9474-1A3956D46DE8}") = "Contracts", "Contracts", "{CDC439FC-2603-49F3-9F94-B4473A06F91E}"
EndProject
Project("{2150E333-8FDC-42A3-9474-1A3956D46DE8}") = "Domain", "Domain", "{E396EB3E-106C-497E-B47A-523A5C4EEF67}"
EndProject
Project("{2150E333-8FDC-42A3-9474-1A3956D46DE8}") = "Hosts", "Hosts", "{399A1F67-8161-4D3F-83AC-2A998A748C86}"
EndProject
Project("{2150E333-8FDC-42A3-9474-1A3956D46DE8}") = "Infractructure", "Infractructure", "{026DEB0B-B7BA-4EA4-9475-14C5AFE4B9AD}"
EndProject
Project("{2150E333-8FDC-42A3-9474-1A3956D46DE8}") = "src", "src", "{336611D9-D345-4778-99C0-65A3A35D9786}"
EndProject
Project("{FAE04EC0-301F-11D3-BF4B-00C04F79EFBC}") = "AppServices", "Aplication\AppServices\AppServices.csproj", "{A10C8EB8-BFCD-42F1-9643-0C59A3C080A5}"
EndProject
Project("{FAE04EC0-301F-11D3-BF4B-00C04F79EFBC}") = "Contracts", "Contracts\Contracts\Contracts.csproj", "{9EAEC15B-732C-408B-9E85-29633301508D}"
EndProject
Project("{FAE04EC0-301F-11D3-BF4B-00C04F79EFBC}") = "Domain", "Domain\Domain\Domain.csproj", "{96AE7283-2D30-44A1-A7AA-7CD3BF8E4ED8}"
EndProject
Project("{FAE04EC0-301F-11D3-BF4B-00C04F79EFBC}") = "Infrastructure", "Infrastructure\Infrastructure\Infrastructure.csproj", "{09A8477B-B215-495B-809F-667BE5CEF3CA}"
EndProject
Project("{FAE04EC0-301F-11D3-BF4B-00C04F79EFBC}") = "ComponentRegister", "Infrastructure\ComponentRegister\ComponentRegister.csproj", "{2FF8167D-FFA5-41C5-BD14-C13E33325F3B}"
EndProject
Project("{FAE04EC0-301F-11D3-BF4B-00C04F79EFBC}") = "Api", "Hosts\Api\Api.csproj", "{079AF635-4BC8-43A8-9C36-282DE5F42259}"
EndProject
Project("{FAE04EC0-301F-11D3-BF4B-00C04F79EFBC}") = "DataAccess", "Infrastructure\DataAccess\DataAccess.csproj", "{4565F721-FF1A-4CBF-B52F-9C13C7B6B066}"
EndProject
Global
	GlobalSection(SolutionConfigurationPlatforms) = preSolution
		Debug|Any CPU = Debug|Any CPU
		Release|Any CPU = Release|Any CPU
	EndGlobalSection
	GlobalSection(NestedProjects) = preSolution
		{ED879AC5-3FE1-4A77-9A19-919BD12CB4AB} = {336611D9-D345-4778-99C0-65A3A35D9786}
		{CDC439FC-2603-49F3-9F94-B4473A06F91E} = {336611D9-D345-4778-99C0-65A3A35D9786}
		{E396EB3E-106C-497E-B47A-523A5C4EEF67} = {336611D9-D345-4778-99C0-65A3A35D9786}
		{399A1F67-8161-4D3F-83AC-2A998A748C86} = {336611D9-D345-4778-99C0-65A3A35D9786}
		{026DEB0B-B7BA-4EA4-9475-14C5AFE4B9AD} = {336611D9-D345-4778-99C0-65A3A35D9786}
		{A10C8EB8-BFCD-42F1-9643-0C59A3C080A5} = {ED879AC5-3FE1-4A77-9A19-919BD12CB4AB}
		{9EAEC15B-732C-408B-9E85-29633301508D} = {CDC439FC-2603-49F3-9F94-B4473A06F91E}
		{96AE7283-2D30-44A1-A7AA-7CD3BF8E4ED8} = {E396EB3E-106C-497E-B47A-523A5C4EEF67}
		{09A8477B-B215-495B-809F-667BE5CEF3CA} = {026DEB0B-B7BA-4EA4-9475-14C5AFE4B9AD}
		{2FF8167D-FFA5-41C5-BD14-C13E33325F3B} = {026DEB0B-B7BA-4EA4-9475-14C5AFE4B9AD}
		{079AF635-4BC8-43A8-9C36-282DE5F42259} = {399A1F67-8161-4D3F-83AC-2A998A748C86}
		{4565F721-FF1A-4CBF-B52F-9C13C7B6B066} = {026DEB0B-B7BA-4EA4-9475-14C5AFE4B9AD}
	EndGlobalSection
	GlobalSection(ProjectConfigurationPlatforms) = postSolution
		{A10C8EB8-BFCD-42F1-9643-0C59A3C080A5}.Debug|Any CPU.ActiveCfg = Debug|Any CPU
		{A10C8EB8-BFCD-42F1-9643-0C59A3C080A5}.Debug|Any CPU.Build.0 = Debug|Any CPU
		{A10C8EB8-BFCD-42F1-9643-0C59A3C080A5}.Release|Any CPU.ActiveCfg = Release|Any CPU
		{A10C8EB8-BFCD-42F1-9643-0C59A3C080A5}.Release|Any CPU.Build.0 = Release|Any CPU
		{9EAEC15B-732C-408B-9E85-29633301508D}.Debug|Any CPU.ActiveCfg = Debug|Any CPU
		{9EAEC15B-732C-408B-9E85-29633301508D}.Debug|Any CPU.Build.0 = Debug|Any CPU
		{9EAEC15B-732C-408B-9E85-29633301508D}.Release|Any CPU.ActiveCfg = Release|Any CPU
		{9EAEC15B-732C-408B-9E85-29633301508D}.Release|Any CPU.Build.0 = Release|Any CPU
		{96AE7283-2D30-44A1-A7AA-7CD3BF8E4ED8}.Debug|Any CPU.ActiveCfg = Debug|Any CPU
		{96AE7283-2D30-44A1-A7AA-7CD3BF8E4ED8}.Debug|Any CPU.Build.0 = Debug|Any CPU
		{96AE7283-2D30-44A1-A7AA-7CD3BF8E4ED8}.Release|Any CPU.ActiveCfg = Release|Any CPU
		{96AE7283-2D30-44A1-A7AA-7CD3BF8E4ED8}.Release|Any CPU.Build.0 = Release|Any CPU
		{09A8477B-B215-495B-809F-667BE5CEF3CA}.Debug|Any CPU.ActiveCfg = Debug|Any CPU
		{09A8477B-B215-495B-809F-667BE5CEF3CA}.Debug|Any CPU.Build.0 = Debug|Any CPU
		{09A8477B-B215-495B-809F-667BE5CEF3CA}.Release|Any CPU.ActiveCfg = Release|Any CPU
		{09A8477B-B215-495B-809F-667BE5CEF3CA}.Release|Any CPU.Build.0 = Release|Any CPU
		{2FF8167D-FFA5-41C5-BD14-C13E33325F3B}.Debug|Any CPU.ActiveCfg = Debug|Any CPU
		{2FF8167D-FFA5-41C5-BD14-C13E33325F3B}.Debug|Any CPU.Build.0 = Debug|Any CPU
		{2FF8167D-FFA5-41C5-BD14-C13E33325F3B}.Release|Any CPU.ActiveCfg = Release|Any CPU
		{2FF8167D-FFA5-41C5-BD14-C13E33325F3B}.Release|Any CPU.Build.0 = Release|Any CPU
		{079AF635-4BC8-43A8-9C36-282DE5F42259}.Debug|Any CPU.ActiveCfg = Debug|Any CPU
		{079AF635-4BC8-43A8-9C36-282DE5F42259}.Debug|Any CPU.Build.0 = Debug|Any CPU
		{079AF635-4BC8-43A8-9C36-282DE5F42259}.Release|Any CPU.ActiveCfg = Release|Any CPU
		{079AF635-4BC8-43A8-9C36-282DE5F42259}.Release|Any CPU.Build.0 = Release|Any CPU
		{4565F721-FF1A-4CBF-B52F-9C13C7B6B066}.Debug|Any CPU.ActiveCfg = Debug|Any CPU
		{4565F721-FF1A-4CBF-B52F-9C13C7B6B066}.Debug|Any CPU.Build.0 = Debug|Any CPU
		{4565F721-FF1A-4CBF-B52F-9C13C7B6B066}.Release|Any CPU.ActiveCfg = Release|Any CPU
		{4565F721-FF1A-4CBF-B52F-9C13C7B6B066}.Release|Any CPU.Build.0 = Release|Any CPU
	EndGlobalSection
EndGlobal
